// !$*UTF8*$!
{
	archiveVersion = 1;
	classes = {
	};
	objectVersion = 55;
	objects = {

/* Begin PBXBuildFile section */
		69A3645427EC401700F525F4 /* AppDelegate.swift in Sources */ = {isa = PBXBuildFile; fileRef = 69A3645327EC401700F525F4 /* AppDelegate.swift */; };
		69A3645627EC401700F525F4 /* SceneDelegate.swift in Sources */ = {isa = PBXBuildFile; fileRef = 69A3645527EC401700F525F4 /* SceneDelegate.swift */; };
		69A3645827EC401700F525F4 /* ViewController.swift in Sources */ = {isa = PBXBuildFile; fileRef = 69A3645727EC401700F525F4 /* ViewController.swift */; };
		69A3645B27EC401700F525F4 /* Main.storyboard in Resources */ = {isa = PBXBuildFile; fileRef = 69A3645927EC401700F525F4 /* Main.storyboard */; };
		69A3645D27EC401B00F525F4 /* Assets.xcassets in Resources */ = {isa = PBXBuildFile; fileRef = 69A3645C27EC401B00F525F4 /* Assets.xcassets */; };
		69A3646027EC401B00F525F4 /* LaunchScreen.storyboard in Resources */ = {isa = PBXBuildFile; fileRef = 69A3645E27EC401B00F525F4 /* LaunchScreen.storyboard */; };
		69A3646B27EC401B00F525F4 /* FacebookProfileStoryboardTests.swift in Sources */ = {isa = PBXBuildFile; fileRef = 69A3646A27EC401B00F525F4 /* FacebookProfileStoryboardTests.swift */; };
		69A3647527EC401B00F525F4 /* FacebookProfileStoryboardUITests.swift in Sources */ = {isa = PBXBuildFile; fileRef = 69A3647427EC401B00F525F4 /* FacebookProfileStoryboardUITests.swift */; };
		69A3647727EC401B00F525F4 /* FacebookProfileStoryboardUITestsLaunchTests.swift in Sources */ = {isa = PBXBuildFile; fileRef = 69A3647627EC401B00F525F4 /* FacebookProfileStoryboardUITestsLaunchTests.swift */; };
/* End PBXBuildFile section */

/* Begin PBXContainerItemProxy section */
		69A3646727EC401B00F525F4 /* PBXContainerItemProxy */ = {
			isa = PBXContainerItemProxy;
			containerPortal = 69A3644827EC401700F525F4 /* Project object */;
			proxyType = 1;
			remoteGlobalIDString = 69A3644F27EC401700F525F4;
			remoteInfo = FacebookProfileStoryboard;
		};
		69A3647127EC401B00F525F4 /* PBXContainerItemProxy */ = {
			isa = PBXContainerItemProxy;
			containerPortal = 69A3644827EC401700F525F4 /* Project object */;
			proxyType = 1;
			remoteGlobalIDString = 69A3644F27EC401700F525F4;
			remoteInfo = FacebookProfileStoryboard;
		};
/* End PBXContainerItemProxy section */

/* Begin PBXFileReference section */
		69A3645027EC401700F525F4 /* FacebookProfileStoryboard.app */ = {isa = PBXFileReference; explicitFileType = wrapper.application; includeInIndex = 0; path = FacebookProfileStoryboard.app; sourceTree = BUILT_PRODUCTS_DIR; };
		69A3645327EC401700F525F4 /* AppDelegate.swift */ = {isa = PBXFileReference; lastKnownFileType = sourcecode.swift; path = AppDelegate.swift; sourceTree = "<group>"; };
		69A3645527EC401700F525F4 /* SceneDelegate.swift */ = {isa = PBXFileReference; lastKnownFileType = sourcecode.swift; path = SceneDelegate.swift; sourceTree = "<group>"; };
		69A3645727EC401700F525F4 /* ViewController.swift */ = {isa = PBXFileReference; lastKnownFileType = sourcecode.swift; path = ViewController.swift; sourceTree = "<group>"; };
		69A3645A27EC401700F525F4 /* Base */ = {isa = PBXFileReference; lastKnownFileType = file.storyboard; name = Base; path = Base.lproj/Main.storyboard; sourceTree = "<group>"; };
		69A3645C27EC401B00F525F4 /* Assets.xcassets */ = {isa = PBXFileReference; lastKnownFileType = folder.assetcatalog; path = Assets.xcassets; sourceTree = "<group>"; };
		69A3645F27EC401B00F525F4 /* Base */ = {isa = PBXFileReference; lastKnownFileType = file.storyboard; name = Base; path = Base.lproj/LaunchScreen.storyboard; sourceTree = "<group>"; };
		69A3646127EC401B00F525F4 /* Info.plist */ = {isa = PBXFileReference; lastKnownFileType = text.plist.xml; path = Info.plist; sourceTree = "<group>"; };
		69A3646627EC401B00F525F4 /* FacebookProfileStoryboardTests.xctest */ = {isa = PBXFileReference; explicitFileType = wrapper.cfbundle; includeInIndex = 0; path = FacebookProfileStoryboardTests.xctest; sourceTree = BUILT_PRODUCTS_DIR; };
		69A3646A27EC401B00F525F4 /* FacebookProfileStoryboardTests.swift */ = {isa = PBXFileReference; lastKnownFileType = sourcecode.swift; path = FacebookProfileStoryboardTests.swift; sourceTree = "<group>"; };
		69A3647027EC401B00F525F4 /* FacebookProfileStoryboardUITests.xctest */ = {isa = PBXFileReference; explicitFileType = wrapper.cfbundle; includeInIndex = 0; path = FacebookProfileStoryboardUITests.xctest; sourceTree = BUILT_PRODUCTS_DIR; };
		69A3647427EC401B00F525F4 /* FacebookProfileStoryboardUITests.swift */ = {isa = PBXFileReference; lastKnownFileType = sourcecode.swift; path = FacebookProfileStoryboardUITests.swift; sourceTree = "<group>"; };
		69A3647627EC401B00F525F4 /* FacebookProfileStoryboardUITestsLaunchTests.swift */ = {isa = PBXFileReference; lastKnownFileType = sourcecode.swift; path = FacebookProfileStoryboardUITestsLaunchTests.swift; sourceTree = "<group>"; };
/* End PBXFileReference section */

/* Begin PBXFrameworksBuildPhase section */
		69A3644D27EC401700F525F4 /* Frameworks */ = {
			isa = PBXFrameworksBuildPhase;
			buildActionMask = 2147483647;
			files = (
			);
			runOnlyForDeploymentPostprocessing = 0;
		};
		69A3646327EC401B00F525F4 /* Frameworks */ = {
			isa = PBXFrameworksBuildPhase;
			buildActionMask = 2147483647;
			files = (
			);
			runOnlyForDeploymentPostprocessing = 0;
		};
		69A3646D27EC401B00F525F4 /* Frameworks */ = {
			isa = PBXFrameworksBuildPhase;
			buildActionMask = 2147483647;
			files = (
			);
			runOnlyForDeploymentPostprocessing = 0;
		};
/* End PBXFrameworksBuildPhase section */

/* Begin PBXGroup section */
		69A3644727EC401700F525F4 = {
			isa = PBXGroup;
			children = (
				69A3645227EC401700F525F4 /* FacebookProfileStoryboard */,
				69A3646927EC401B00F525F4 /* FacebookProfileStoryboardTests */,
				69A3647327EC401B00F525F4 /* FacebookProfileStoryboardUITests */,
				69A3645127EC401700F525F4 /* Products */,
			);
			sourceTree = "<group>";
		};
		69A3645127EC401700F525F4 /* Products */ = {
			isa = PBXGroup;
			children = (
				69A3645027EC401700F525F4 /* FacebookProfileStoryboard.app */,
				69A3646627EC401B00F525F4 /* FacebookProfileStoryboardTests.xctest */,
				69A3647027EC401B00F525F4 /* FacebookProfileStoryboardUITests.xctest */,
			);
			name = Products;
			sourceTree = "<group>";
		};
		69A3645227EC401700F525F4 /* FacebookProfileStoryboard */ = {
			isa = PBXGroup;
			children = (
				69A3645327EC401700F525F4 /* AppDelegate.swift */,
				69A3645527EC401700F525F4 /* SceneDelegate.swift */,
				69A3645727EC401700F525F4 /* ViewController.swift */,
				69A3645927EC401700F525F4 /* Main.storyboard */,
				69A3645C27EC401B00F525F4 /* Assets.xcassets */,
				69A3645E27EC401B00F525F4 /* LaunchScreen.storyboard */,
				69A3646127EC401B00F525F4 /* Info.plist */,
			);
			path = FacebookProfileStoryboard;
			sourceTree = "<group>";
		};
		69A3646927EC401B00F525F4 /* FacebookProfileStoryboardTests */ = {
			isa = PBXGroup;
			children = (
				69A3646A27EC401B00F525F4 /* FacebookProfileStoryboardTests.swift */,
			);
			path = FacebookProfileStoryboardTests;
			sourceTree = "<group>";
		};
		69A3647327EC401B00F525F4 /* FacebookProfileStoryboardUITests */ = {
			isa = PBXGroup;
			children = (
				69A3647427EC401B00F525F4 /* FacebookProfileStoryboardUITests.swift */,
				69A3647627EC401B00F525F4 /* FacebookProfileStoryboardUITestsLaunchTests.swift */,
			);
			path = FacebookProfileStoryboardUITests;
			sourceTree = "<group>";
		};
/* End PBXGroup section */

/* Begin PBXNativeTarget section */
		69A3644F27EC401700F525F4 /* FacebookProfileStoryboard */ = {
			isa = PBXNativeTarget;
			buildConfigurationList = 69A3647A27EC401B00F525F4 /* Build configuration list for PBXNativeTarget "FacebookProfileStoryboard" */;
			buildPhases = (
				69A3644C27EC401700F525F4 /* Sources */,
				69A3644D27EC401700F525F4 /* Frameworks */,
				69A3644E27EC401700F525F4 /* Resources */,
			);
			buildRules = (
			);
			dependencies = (
			);
			name = FacebookProfileStoryboard;
			productName = FacebookProfileStoryboard;
			productReference = 69A3645027EC401700F525F4 /* FacebookProfileStoryboard.app */;
			productType = "com.apple.product-type.application";
		};
		69A3646527EC401B00F525F4 /* FacebookProfileStoryboardTests */ = {
			isa = PBXNativeTarget;
			buildConfigurationList = 69A3647D27EC401B00F525F4 /* Build configuration list for PBXNativeTarget "FacebookProfileStoryboardTests" */;
			buildPhases = (
				69A3646227EC401B00F525F4 /* Sources */,
				69A3646327EC401B00F525F4 /* Frameworks */,
				69A3646427EC401B00F525F4 /* Resources */,
			);
			buildRules = (
			);
			dependencies = (
				69A3646827EC401B00F525F4 /* PBXTargetDependency */,
			);
			name = FacebookProfileStoryboardTests;
			productName = FacebookProfileStoryboardTests;
			productReference = 69A3646627EC401B00F525F4 /* FacebookProfileStoryboardTests.xctest */;
			productType = "com.apple.product-type.bundle.unit-test";
		};
		69A3646F27EC401B00F525F4 /* FacebookProfileStoryboardUITests */ = {
			isa = PBXNativeTarget;
			buildConfigurationList = 69A3648027EC401B00F525F4 /* Build configuration list for PBXNativeTarget "FacebookProfileStoryboardUITests" */;
			buildPhases = (
				69A3646C27EC401B00F525F4 /* Sources */,
				69A3646D27EC401B00F525F4 /* Frameworks */,
				69A3646E27EC401B00F525F4 /* Resources */,
			);
			buildRules = (
			);
			dependencies = (
				69A3647227EC401B00F525F4 /* PBXTargetDependency */,
			);
			name = FacebookProfileStoryboardUITests;
			productName = FacebookProfileStoryboardUITests;
			productReference = 69A3647027EC401B00F525F4 /* FacebookProfileStoryboardUITests.xctest */;
			productType = "com.apple.product-type.bundle.ui-testing";
		};
/* End PBXNativeTarget section */

/* Begin PBXProject section */
		69A3644827EC401700F525F4 /* Project object */ = {
			isa = PBXProject;
			attributes = {
				BuildIndependentTargetsInParallel = 1;
				LastSwiftUpdateCheck = 1320;
				LastUpgradeCheck = 1320;
				TargetAttributes = {
					69A3644F27EC401700F525F4 = {
						CreatedOnToolsVersion = 13.2.1;
					};
					69A3646527EC401B00F525F4 = {
						CreatedOnToolsVersion = 13.2.1;
						TestTargetID = 69A3644F27EC401700F525F4;
					};
					69A3646F27EC401B00F525F4 = {
						CreatedOnToolsVersion = 13.2.1;
						TestTargetID = 69A3644F27EC401700F525F4;
					};
				};
			};
			buildConfigurationList = 69A3644B27EC401700F525F4 /* Build configuration list for PBXProject "FacebookProfileStoryboard" */;
			compatibilityVersion = "Xcode 13.0";
			developmentRegion = en;
			hasScannedForEncodings = 0;
			knownRegions = (
				en,
				Base,
			);
			mainGroup = 69A3644727EC401700F525F4;
			productRefGroup = 69A3645127EC401700F525F4 /* Products */;
			projectDirPath = "";
			projectRoot = "";
			targets = (
				69A3644F27EC401700F525F4 /* FacebookProfileStoryboard */,
				69A3646527EC401B00F525F4 /* FacebookProfileStoryboardTests */,
				69A3646F27EC401B00F525F4 /* FacebookProfileStoryboardUITests */,
			);
		};
/* End PBXProject section */

/* Begin PBXResourcesBuildPhase section */
		69A3644E27EC401700F525F4 /* Resources */ = {
			isa = PBXResourcesBuildPhase;
			buildActionMask = 2147483647;
			files = (
				69A3646027EC401B00F525F4 /* LaunchScreen.storyboard in Resources */,
				69A3645D27EC401B00F525F4 /* Assets.xcassets in Resources */,
				69A3645B27EC401700F525F4 /* Main.storyboard in Resources */,
			);
			runOnlyForDeploymentPostprocessing = 0;
		};
		69A3646427EC401B00F525F4 /* Resources */ = {
			isa = PBXResourcesBuildPhase;
			buildActionMask = 2147483647;
			files = (
			);
			runOnlyForDeploymentPostprocessing = 0;
		};
		69A3646E27EC401B00F525F4 /* Resources */ = {
			isa = PBXResourcesBuildPhase;
			buildActionMask = 2147483647;
			files = (
			);
			runOnlyForDeploymentPostprocessing = 0;
		};
/* End PBXResourcesBuildPhase section */

/* Begin PBXSourcesBuildPhase section */
		69A3644C27EC401700F525F4 /* Sources */ = {
			isa = PBXSourcesBuildPhase;
			buildActionMask = 2147483647;
			files = (
				69A3645827EC401700F525F4 /* ViewController.swift in Sources */,
				69A3645427EC401700F525F4 /* AppDelegate.swift in Sources */,
				69A3645627EC401700F525F4 /* SceneDelegate.swift in Sources */,
			);
			runOnlyForDeploymentPostprocessing = 0;
		};
		69A3646227EC401B00F525F4 /* Sources */ = {
			isa = PBXSourcesBuildPhase;
			buildActionMask = 2147483647;
			files = (
				69A3646B27EC401B00F525F4 /* FacebookProfileStoryboardTests.swift in Sources */,
			);
			runOnlyForDeploymentPostprocessing = 0;
		};
		69A3646C27EC401B00F525F4 /* Sources */ = {
			isa = PBXSourcesBuildPhase;
			buildActionMask = 2147483647;
			files = (
				69A3647527EC401B00F525F4 /* FacebookProfileStoryboardUITests.swift in Sources */,
				69A3647727EC401B00F525F4 /* FacebookProfileStoryboardUITestsLaunchTests.swift in Sources */,
			);
			runOnlyForDeploymentPostprocessing = 0;
		};
/* End PBXSourcesBuildPhase section */

/* Begin PBXTargetDependency section */
		69A3646827EC401B00F525F4 /* PBXTargetDependency */ = {
			isa = PBXTargetDependency;
			target = 69A3644F27EC401700F525F4 /* FacebookProfileStoryboard */;
			targetProxy = 69A3646727EC401B00F525F4 /* PBXContainerItemProxy */;
		};
		69A3647227EC401B00F525F4 /* PBXTargetDependency */ = {
			isa = PBXTargetDependency;
			target = 69A3644F27EC401700F525F4 /* FacebookProfileStoryboard */;
			targetProxy = 69A3647127EC401B00F525F4 /* PBXContainerItemProxy */;
		};
/* End PBXTargetDependency section */

/* Begin PBXVariantGroup section */
		69A3645927EC401700F525F4 /* Main.storyboard */ = {
			isa = PBXVariantGroup;
			children = (
				69A3645A27EC401700F525F4 /* Base */,
			);
			name = Main.storyboard;
			sourceTree = "<group>";
		};
		69A3645E27EC401B00F525F4 /* LaunchScreen.storyboard */ = {
			isa = PBXVariantGroup;
			children = (
				69A3645F27EC401B00F525F4 /* Base */,
			);
			name = LaunchScreen.storyboard;
			sourceTree = "<group>";
		};
/* End PBXVariantGroup section */

/* Begin XCBuildConfiguration section */
		69A3647827EC401B00F525F4 /* Debug */ = {
			isa = XCBuildConfiguration;
			buildSettings = {
				ALWAYS_SEARCH_USER_PATHS = NO;
				CLANG_ANALYZER_NONNULL = YES;
				CLANG_ANALYZER_NUMBER_OBJECT_CONVERSION = YES_AGGRESSIVE;
				CLANG_CXX_LANGUAGE_STANDARD = "gnu++17";
				CLANG_CXX_LIBRARY = "libc++";
				CLANG_ENABLE_MODULES = YES;
				CLANG_ENABLE_OBJC_ARC = YES;
				CLANG_ENABLE_OBJC_WEAK = YES;
				CLANG_WARN_BLOCK_CAPTURE_AUTORELEASING = YES;
				CLANG_WARN_BOOL_CONVERSION = YES;
				CLANG_WARN_COMMA = YES;
				CLANG_WARN_CONSTANT_CONVERSION = YES;
				CLANG_WARN_DEPRECATED_OBJC_IMPLEMENTATIONS = YES;
				CLANG_WARN_DIRECT_OBJC_ISA_USAGE = YES_ERROR;
				CLANG_WARN_DOCUMENTATION_COMMENTS = YES;
				CLANG_WARN_EMPTY_BODY = YES;
				CLANG_WARN_ENUM_CONVERSION = YES;
				CLANG_WARN_INFINITE_RECURSION = YES;
				CLANG_WARN_INT_CONVERSION = YES;
				CLANG_WARN_NON_LITERAL_NULL_CONVERSION = YES;
				CLANG_WARN_OBJC_IMPLICIT_RETAIN_SELF = YES;
				CLANG_WARN_OBJC_LITERAL_CONVERSION = YES;
				CLANG_WARN_OBJC_ROOT_CLASS = YES_ERROR;
				CLANG_WARN_QUOTED_INCLUDE_IN_FRAMEWORK_HEADER = YES;
				CLANG_WARN_RANGE_LOOP_ANALYSIS = YES;
				CLANG_WARN_STRICT_PROTOTYPES = YES;
				CLANG_WARN_SUSPICIOUS_MOVE = YES;
				CLANG_WARN_UNGUARDED_AVAILABILITY = YES_AGGRESSIVE;
				CLANG_WARN_UNREACHABLE_CODE = YES;
				CLANG_WARN__DUPLICATE_METHOD_MATCH = YES;
				COPY_PHASE_STRIP = NO;
				DEBUG_INFORMATION_FORMAT = dwarf;
				ENABLE_STRICT_OBJC_MSGSEND = YES;
				ENABLE_TESTABILITY = YES;
				GCC_C_LANGUAGE_STANDARD = gnu11;
				GCC_DYNAMIC_NO_PIC = NO;
				GCC_NO_COMMON_BLOCKS = YES;
				GCC_OPTIMIZATION_LEVEL = 0;
				GCC_PREPROCESSOR_DEFINITIONS = (
					"DEBUG=1",
					"$(inherited)",
				);
				GCC_WARN_64_TO_32_BIT_CONVERSION = YES;
				GCC_WARN_ABOUT_RETURN_TYPE = YES_ERROR;
				GCC_WARN_UNDECLARED_SELECTOR = YES;
				GCC_WARN_UNINITIALIZED_AUTOS = YES_AGGRESSIVE;
				GCC_WARN_UNUSED_FUNCTION = YES;
				GCC_WARN_UNUSED_VARIABLE = YES;
				IPHONEOS_DEPLOYMENT_TARGET = 15.2;
				MTL_ENABLE_DEBUG_INFO = INCLUDE_SOURCE;
				MTL_FAST_MATH = YES;
				ONLY_ACTIVE_ARCH = YES;
				SDKROOT = iphoneos;
				SWIFT_ACTIVE_COMPILATION_CONDITIONS = DEBUG;
				SWIFT_OPTIMIZATION_LEVEL = "-Onone";
			};
			name = Debug;
		};
		69A3647927EC401B00F525F4 /* Release */ = {
			isa = XCBuildConfiguration;
			buildSettings = {
				ALWAYS_SEARCH_USER_PATHS = NO;
				CLANG_ANALYZER_NONNULL = YES;
				CLANG_ANALYZER_NUMBER_OBJECT_CONVERSION = YES_AGGRESSIVE;
				CLANG_CXX_LANGUAGE_STANDARD = "gnu++17";
				CLANG_CXX_LIBRARY = "libc++";
				CLANG_ENABLE_MODULES = YES;
				CLANG_ENABLE_OBJC_ARC = YES;
				CLANG_ENABLE_OBJC_WEAK = YES;
				CLANG_WARN_BLOCK_CAPTURE_AUTORELEASING = YES;
				CLANG_WARN_BOOL_CONVERSION = YES;
				CLANG_WARN_COMMA = YES;
				CLANG_WARN_CONSTANT_CONVERSION = YES;
				CLANG_WARN_DEPRECATED_OBJC_IMPLEMENTATIONS = YES;
				CLANG_WARN_DIRECT_OBJC_ISA_USAGE = YES_ERROR;
				CLANG_WARN_DOCUMENTATION_COMMENTS = YES;
				CLANG_WARN_EMPTY_BODY = YES;
				CLANG_WARN_ENUM_CONVERSION = YES;
				CLANG_WARN_INFINITE_RECURSION = YES;
				CLANG_WARN_INT_CONVERSION = YES;
				CLANG_WARN_NON_LITERAL_NULL_CONVERSION = YES;
				CLANG_WARN_OBJC_IMPLICIT_RETAIN_SELF = YES;
				CLANG_WARN_OBJC_LITERAL_CONVERSION = YES;
				CLANG_WARN_OBJC_ROOT_CLASS = YES_ERROR;
				CLANG_WARN_QUOTED_INCLUDE_IN_FRAMEWORK_HEADER = YES;
				CLANG_WARN_RANGE_LOOP_ANALYSIS = YES;
				CLANG_WARN_STRICT_PROTOTYPES = YES;
				CLANG_WARN_SUSPICIOUS_MOVE = YES;
				CLANG_WARN_UNGUARDED_AVAILABILITY = YES_AGGRESSIVE;
				CLANG_WARN_UNREACHABLE_CODE = YES;
				CLANG_WARN__DUPLICATE_METHOD_MATCH = YES;
				COPY_PHASE_STRIP = NO;
				DEBUG_INFORMATION_FORMAT = "dwarf-with-dsym";
				ENABLE_NS_ASSERTIONS = NO;
				ENABLE_STRICT_OBJC_MSGSEND = YES;
				GCC_C_LANGUAGE_STANDARD = gnu11;
				GCC_NO_COMMON_BLOCKS = YES;
				GCC_WARN_64_TO_32_BIT_CONVERSION = YES;
				GCC_WARN_ABOUT_RETURN_TYPE = YES_ERROR;
				GCC_WARN_UNDECLARED_SELECTOR = YES;
				GCC_WARN_UNINITIALIZED_AUTOS = YES_AGGRESSIVE;
				GCC_WARN_UNUSED_FUNCTION = YES;
				GCC_WARN_UNUSED_VARIABLE = YES;
				IPHONEOS_DEPLOYMENT_TARGET = 15.2;
				MTL_ENABLE_DEBUG_INFO = NO;
				MTL_FAST_MATH = YES;
				SDKROOT = iphoneos;
				SWIFT_COMPILATION_MODE = wholemodule;
				SWIFT_OPTIMIZATION_LEVEL = "-O";
				VALIDATE_PRODUCT = YES;
			};
			name = Release;
		};
		69A3647B27EC401B00F525F4 /* Debug */ = {
			isa = XCBuildConfiguration;
			buildSettings = {
				ASSETCATALOG_COMPILER_APPICON_NAME = AppIcon;
				ASSETCATALOG_COMPILER_GLOBAL_ACCENT_COLOR_NAME = AccentColor;
				CODE_SIGN_STYLE = Automatic;
				CURRENT_PROJECT_VERSION = 1;
				DEVELOPMENT_TEAM = 8LJ2P85FNV;
				GENERATE_INFOPLIST_FILE = YES;
				INFOPLIST_FILE = FacebookProfileStoryboard/Info.plist;
				INFOPLIST_KEY_UIApplicationSupportsIndirectInputEvents = YES;
				INFOPLIST_KEY_UILaunchStoryboardName = LaunchScreen;
				INFOPLIST_KEY_UIMainStoryboardFile = Main;
				INFOPLIST_KEY_UISupportedInterfaceOrientations_iPad = "UIInterfaceOrientationPortrait UIInterfaceOrientationPortraitUpsideDown UIInterfaceOrientationLandscapeLeft UIInterfaceOrientationLandscapeRight";
				INFOPLIST_KEY_UISupportedInterfaceOrientations_iPhone = "UIInterfaceOrientationPortrait UIInterfaceOrientationLandscapeLeft UIInterfaceOrientationLandscapeRight";
				LD_RUNPATH_SEARCH_PATHS = (
					"$(inherited)",
					"@executable_path/Frameworks",
				);
				MARKETING_VERSION = 1.0;
				PRODUCT_BUNDLE_IDENTIFIER = learnSwift.FacebookProfileStoryboard;
				PRODUCT_NAME = "$(TARGET_NAME)";
				SWIFT_EMIT_LOC_STRINGS = YES;
				SWIFT_VERSION = 5.0;
				TARGETED_DEVICE_FAMILY = "1,2";
			};
			name = Debug;
		};
		69A3647C27EC401B00F525F4 /* Release */ = {
			isa = XCBuildConfiguration;
			buildSettings = {
				ASSETCATALOG_COMPILER_APPICON_NAME = AppIcon;
				ASSETCATALOG_COMPILER_GLOBAL_ACCENT_COLOR_NAME = AccentColor;
				CODE_SIGN_STYLE = Automatic;
				CURRENT_PROJECT_VERSION = 1;
				DEVELOPMENT_TEAM = 8LJ2P85FNV;
				GENERATE_INFOPLIST_FILE = YES;
				INFOPLIST_FILE = FacebookProfileStoryboard/Info.plist;
				INFOPLIST_KEY_UIApplicationSupportsIndirectInputEvents = YES;
				INFOPLIST_KEY_UILaunchStoryboardName = LaunchScreen;
				INFOPLIST_KEY_UIMainStoryboardFile = Main;
				INFOPLIST_KEY_UISupportedInterfaceOrientations_iPad = "UIInterfaceOrientationPortrait UIInterfaceOrientationPortraitUpsideDown UIInterfaceOrientationLandscapeLeft UIInterfaceOrientationLandscapeRight";
				INFOPLIST_KEY_UISupportedInterfaceOrientations_iPhone = "UIInterfaceOrientationPortrait UIInterfaceOrientationLandscapeLeft UIInterfaceOrientationLandscapeRight";
				LD_RUNPATH_SEARCH_PATHS = (
					"$(inherited)",
					"@executable_path/Frameworks",
				);
				MARKETING_VERSION = 1.0;
				PRODUCT_BUNDLE_IDENTIFIER = learnSwift.FacebookProfileStoryboard;
				PRODUCT_NAME = "$(TARGET_NAME)";
				SWIFT_EMIT_LOC_STRINGS = YES;
				SWIFT_VERSION = 5.0;
				TARGETED_DEVICE_FAMILY = "1,2";
			};
			name = Release;
		};
		69A3647E27EC401B00F525F4 /* Debug */ = {
			isa = XCBuildConfiguration;
			buildSettings = {
				ALWAYS_EMBED_SWIFT_STANDARD_LIBRARIES = YES;
				BUNDLE_LOADER = "$(TEST_HOST)";
				CODE_SIGN_STYLE = Automatic;
				CURRENT_PROJECT_VERSION = 1;
				DEVELOPMENT_TEAM = 8LJ2P85FNV;
				GENERATE_INFOPLIST_FILE = YES;
				IPHONEOS_DEPLOYMENT_TARGET = 15.2;
				MARKETING_VERSION = 1.0;
				PRODUCT_BUNDLE_IDENTIFIER = learnSwift.FacebookProfileStoryboardTests;
				PRODUCT_NAME = "$(TARGET_NAME)";
				SWIFT_EMIT_LOC_STRINGS = NO;
				SWIFT_VERSION = 5.0;
				TARGETED_DEVICE_FAMILY = "1,2";
				TEST_HOST = "$(BUILT_PRODUCTS_DIR)/FacebookProfileStoryboard.app/FacebookProfileStoryboard";
			};
			name = Debug;
		};
		69A3647F27EC401B00F525F4 /* Release */ = {
			isa = XCBuildConfiguration;
			buildSettings = {
				ALWAYS_EMBED_SWIFT_STANDARD_LIBRARIES = YES;
				BUNDLE_LOADER = "$(TEST_HOST)";
				CODE_SIGN_STYLE = Automatic;
				CURRENT_PROJECT_VERSION = 1;
				DEVELOPMENT_TEAM = 8LJ2P85FNV;
				GENERATE_INFOPLIST_FILE = YES;
				IPHONEOS_DEPLOYMENT_TARGET = 15.2;
				MARKETING_VERSION = 1.0;
				PRODUCT_BUNDLE_IDENTIFIER = learnSwift.FacebookProfileStoryboardTests;
				PRODUCT_NAME = "$(TARGET_NAME)";
				SWIFT_EMIT_LOC_STRINGS = NO;
				SWIFT_VERSION = 5.0;
				TARGETED_DEVICE_FAMILY = "1,2";
				TEST_HOST = "$(BUILT_PRODUCTS_DIR)/FacebookProfileStoryboard.app/FacebookProfileStoryboard";
			};
			name = Release;
		};
		69A3648127EC401B00F525F4 /* Debug */ = {
			isa = XCBuildConfiguration;
			buildSettings = {
				ALWAYS_EMBED_SWIFT_STANDARD_LIBRARIES = YES;
				CODE_SIGN_STYLE = Automatic;
				CURRENT_PROJECT_VERSION = 1;
				DEVELOPMENT_TEAM = 8LJ2P85FNV;
				GENERATE_INFOPLIST_FILE = YES;
				MARKETING_VERSION = 1.0;
				PRODUCT_BUNDLE_IDENTIFIER = learnSwift.FacebookProfileStoryboardUITests;
				PRODUCT_NAME = "$(TARGET_NAME)";
				SWIFT_EMIT_LOC_STRINGS = NO;
				SWIFT_VERSION = 5.0;
				TARGETED_DEVICE_FAMILY = "1,2";
				TEST_TARGET_NAME = FacebookProfileStoryboard;
			};
			name = Debug;
		};
		69A3648227EC401B00F525F4 /* Release */ = {
			isa = XCBuildConfiguration;
			buildSettings = {
				ALWAYS_EMBED_SWIFT_STANDARD_LIBRARIES = YES;
				CODE_SIGN_STYLE = Automatic;
				CURRENT_PROJECT_VERSION = 1;
				DEVELOPMENT_TEAM = 8LJ2P85FNV;
				GENERATE_INFOPLIST_FILE = YES;
				MARKETING_VERSION = 1.0;
				PRODUCT_BUNDLE_IDENTIFIER = learnSwift.FacebookProfileStoryboardUITests;
				PRODUCT_NAME = "$(TARGET_NAME)";
				SWIFT_EMIT_LOC_STRINGS = NO;
				SWIFT_VERSION = 5.0;
				TARGETED_DEVICE_FAMILY = "1,2";
				TEST_TARGET_NAME = FacebookProfileStoryboard;
			};
			name = Release;
		};
/* End XCBuildConfiguration section */

/* Begin XCConfigurationList section */
		69A3644B27EC401700F525F4 /* Build configuration list for PBXProject "FacebookProfileStoryboard" */ = {
			isa = XCConfigurationList;
			buildConfigurations = (
				69A3647827EC401B00F525F4 /* Debug */,
				69A3647927EC401B00F525F4 /* Release */,
			);
			defaultConfigurationIsVisible = 0;
			defaultConfigurationName = Release;
		};
		69A3647A27EC401B00F525F4 /* Build configuration list for PBXNativeTarget "FacebookProfileStoryboard" */ = {
			isa = XCConfigurationList;
			buildConfigurations = (
				69A3647B27EC401B00F525F4 /* Debug */,
				69A3647C27EC401B00F525F4 /* Release */,
			);
			defaultConfigurationIsVisible = 0;
			defaultConfigurationName = Release;
		};
		69A3647D27EC401B00F525F4 /* Build configuration list for PBXNativeTarget "FacebookProfileStoryboardTests" */ = {
			isa = XCConfigurationList;
			buildConfigurations = (
				69A3647E27EC401B00F525F4 /* Debug */,
				69A3647F27EC401B00F525F4 /* Release */,
			);
			defaultConfigurationIsVisible = 0;
			defaultConfigurationName = Release;
		};
		69A3648027EC401B00F525F4 /* Build configuration list for PBXNativeTarget "FacebookProfileStoryboardUITests" */ = {
			isa = XCConfigurationList;
			buildConfigurations = (
				69A3648127EC401B00F525F4 /* Debug */,
				69A3648227EC401B00F525F4 /* Release */,
			);
			defaultConfigurationIsVisible = 0;
			defaultConfigurationName = Release;
		};
/* End XCConfigurationList section */
	};
	rootObject = 69A3644827EC401700F525F4 /* Project object */;
}
